
Microsoft Visual Studio Solution File, Format Version 12.00
# Visual Studio Version 17
VisualStudioVersion = 17.0.31903.59
MinimumVisualStudioVersion = 10.0.40219.1
Project("{2150E333-8FDC-42A3-9474-1A3956D46DE8}") = "src", "src", "{827E0CD3-B72D-47B6-A68D-7590B98EB39B}"
EndProject
Project("{FAE04EC0-301F-11D3-BF4B-00C04F79EFBC}") = "eShop.API", "src\eShop.API\eShop.API.csproj", "{255C299C-8AE7-4B48-A3C7-7E7225C4D1FA}"
EndProject
Project("{FAE04EC0-301F-11D3-BF4B-00C04F79EFBC}") = "eShop.Business", "src\eShop.Business\eShop.Business.csproj", "{573A422F-B719-404E-BEA9-D523B1F2F94C}"
EndProject
Project("{FAE04EC0-301F-11D3-BF4B-00C04F79EFBC}") = "eShop.Data", "src\eShop.Data\eShop.Data.csproj", "{40B57FE3-4FCA-4933-A8C8-B979B1332583}"
EndProject
Project("{FAE04EC0-301F-11D3-BF4B-00C04F79EFBC}") = "eShop.Web", "src\eShop.Web\eShop.Web.csproj", "{11852D56-40C1-40DC-942F-8754E88805FF}"
EndProject
Project("{FAE04EC0-301F-11D3-BF4B-00C04F79EFBC}") = "eShop.Shared", "src\eShop.Shared\eShop.Shared.csproj", "{E80E2B18-580A-4CAD-B436-9EB75A8F6DD6}"
EndProject
Project("{2150E333-8FDC-42A3-9474-1A3956D46DE8}") = "tests", "tests", "{0AB3BF05-4346-4AA6-1389-037BE0695223}"
EndProject
Project("{FAE04EC0-301F-11D3-BF4B-00C04F79EFBC}") = "eShop.API.Tests", "tests\eShop.API.Tests\eShop.API.Tests.csproj", "{DBF56B26-D25F-47F5-9DBC-A6DAB4E4C5F5}"
EndProject
Project("{FAE04EC0-301F-11D3-BF4B-00C04F79EFBC}") = "eShop.Business.Tests", "tests\eShop.Business.Tests\eShop.Business.Tests.csproj", "{CEE90C13-D957-44DC-A2A5-F306C17FC7BD}"
EndProject
Project("{FAE04EC0-301F-11D3-BF4B-00C04F79EFBC}") = "eShop.Identity", "src\eShop.Identity\eShop.Identity.csproj", "{D653A883-0DBA-4493-B74D-E60FEDD50C4F}"
EndProject
Global
	GlobalSection(SolutionConfigurationPlatforms) = preSolution
		Debug|Any CPU = Debug|Any CPU
		Debug|x64 = Debug|x64
		Debug|x86 = Debug|x86
		Release|Any CPU = Release|Any CPU
		Release|x64 = Release|x64
		Release|x86 = Release|x86
	EndGlobalSection
	GlobalSection(ProjectConfigurationPlatforms) = postSolution
		{255C299C-8AE7-4B48-A3C7-7E7225C4D1FA}.Debug|Any CPU.ActiveCfg = Debug|Any CPU
		{255C299C-8AE7-4B48-A3C7-7E7225C4D1FA}.Debug|Any CPU.Build.0 = Debug|Any CPU
		{255C299C-8AE7-4B48-A3C7-7E7225C4D1FA}.Debug|x64.ActiveCfg = Debug|Any CPU
		{255C299C-8AE7-4B48-A3C7-7E7225C4D1FA}.Debug|x64.Build.0 = Debug|Any CPU
		{255C299C-8AE7-4B48-A3C7-7E7225C4D1FA}.Debug|x86.ActiveCfg = Debug|Any CPU
		{255C299C-8AE7-4B48-A3C7-7E7225C4D1FA}.Debug|x86.Build.0 = Debug|Any CPU
		{255C299C-8AE7-4B48-A3C7-7E7225C4D1FA}.Release|Any CPU.ActiveCfg = Release|Any CPU
		{255C299C-8AE7-4B48-A3C7-7E7225C4D1FA}.Release|Any CPU.Build.0 = Release|Any CPU
		{255C299C-8AE7-4B48-A3C7-7E7225C4D1FA}.Release|x64.ActiveCfg = Release|Any CPU
		{255C299C-8AE7-4B48-A3C7-7E7225C4D1FA}.Release|x64.Build.0 = Release|Any CPU
		{255C299C-8AE7-4B48-A3C7-7E7225C4D1FA}.Release|x86.ActiveCfg = Release|Any CPU
		{255C299C-8AE7-4B48-A3C7-7E7225C4D1FA}.Release|x86.Build.0 = Release|Any CPU
		{573A422F-B719-404E-BEA9-D523B1F2F94C}.Debug|Any CPU.ActiveCfg = Debug|Any CPU
		{573A422F-B719-404E-BEA9-D523B1F2F94C}.Debug|Any CPU.Build.0 = Debug|Any CPU
		{573A422F-B719-404E-BEA9-D523B1F2F94C}.Debug|x64.ActiveCfg = Debug|Any CPU
		{573A422F-B719-404E-BEA9-D523B1F2F94C}.Debug|x64.Build.0 = Debug|Any CPU
		{573A422F-B719-404E-BEA9-D523B1F2F94C}.Debug|x86.ActiveCfg = Debug|Any CPU
		{573A422F-B719-404E-BEA9-D523B1F2F94C}.Debug|x86.Build.0 = Debug|Any CPU
		{573A422F-B719-404E-BEA9-D523B1F2F94C}.Release|Any CPU.ActiveCfg = Release|Any CPU
		{573A422F-B719-404E-BEA9-D523B1F2F94C}.Release|Any CPU.Build.0 = Release|Any CPU
		{573A422F-B719-404E-BEA9-D523B1F2F94C}.Release|x64.ActiveCfg = Release|Any CPU
		{573A422F-B719-404E-BEA9-D523B1F2F94C}.Release|x64.Build.0 = Release|Any CPU
		{573A422F-B719-404E-BEA9-D523B1F2F94C}.Release|x86.ActiveCfg = Release|Any CPU
		{573A422F-B719-404E-BEA9-D523B1F2F94C}.Release|x86.Build.0 = Release|Any CPU
		{40B57FE3-4FCA-4933-A8C8-B979B1332583}.Debug|Any CPU.ActiveCfg = Debug|Any CPU
		{40B57FE3-4FCA-4933-A8C8-B979B1332583}.Debug|Any CPU.Build.0 = Debug|Any CPU
		{40B57FE3-4FCA-4933-A8C8-B979B1332583}.Debug|x64.ActiveCfg = Debug|Any CPU
		{40B57FE3-4FCA-4933-A8C8-B979B1332583}.Debug|x64.Build.0 = Debug|Any CPU
		{40B57FE3-4FCA-4933-A8C8-B979B1332583}.Debug|x86.ActiveCfg = Debug|Any CPU
		{40B57FE3-4FCA-4933-A8C8-B979B1332583}.Debug|x86.Build.0 = Debug|Any CPU
		{40B57FE3-4FCA-4933-A8C8-B979B1332583}.Release|Any CPU.ActiveCfg = Release|Any CPU
		{40B57FE3-4FCA-4933-A8C8-B979B1332583}.Release|Any CPU.Build.0 = Release|Any CPU
		{40B57FE3-4FCA-4933-A8C8-B979B1332583}.Release|x64.ActiveCfg = Release|Any CPU
		{40B57FE3-4FCA-4933-A8C8-B979B1332583}.Release|x64.Build.0 = Release|Any CPU
		{40B57FE3-4FCA-4933-A8C8-B979B1332583}.Release|x86.ActiveCfg = Release|Any CPU
		{40B57FE3-4FCA-4933-A8C8-B979B1332583}.Release|x86.Build.0 = Release|Any CPU
		{11852D56-40C1-40DC-942F-8754E88805FF}.Debug|Any CPU.ActiveCfg = Debug|Any CPU
		{11852D56-40C1-40DC-942F-8754E88805FF}.Debug|Any CPU.Build.0 = Debug|Any CPU
		{11852D56-40C1-40DC-942F-8754E88805FF}.Debug|x64.ActiveCfg = Debug|Any CPU
		{11852D56-40C1-40DC-942F-8754E88805FF}.Debug|x64.Build.0 = Debug|Any CPU
		{11852D56-40C1-40DC-942F-8754E88805FF}.Debug|x86.ActiveCfg = Debug|Any CPU
		{11852D56-40C1-40DC-942F-8754E88805FF}.Debug|x86.Build.0 = Debug|Any CPU
		{11852D56-40C1-40DC-942F-8754E88805FF}.Release|Any CPU.ActiveCfg = Release|Any CPU
		{11852D56-40C1-40DC-942F-8754E88805FF}.Release|Any CPU.Build.0 = Release|Any CPU
		{11852D56-40C1-40DC-942F-8754E88805FF}.Release|x64.ActiveCfg = Release|Any CPU
		{11852D56-40C1-40DC-942F-8754E88805FF}.Release|x64.Build.0 = Release|Any CPU
		{11852D56-40C1-40DC-942F-8754E88805FF}.Release|x86.ActiveCfg = Release|Any CPU
		{11852D56-40C1-40DC-942F-8754E88805FF}.Release|x86.Build.0 = Release|Any CPU
		{E80E2B18-580A-4CAD-B436-9EB75A8F6DD6}.Debug|Any CPU.ActiveCfg = Debug|Any CPU
		{E80E2B18-580A-4CAD-B436-9EB75A8F6DD6}.Debug|Any CPU.Build.0 = Debug|Any CPU
		{E80E2B18-580A-4CAD-B436-9EB75A8F6DD6}.Debug|x64.ActiveCfg = Debug|Any CPU
		{E80E2B18-580A-4CAD-B436-9EB75A8F6DD6}.Debug|x64.Build.0 = Debug|Any CPU
		{E80E2B18-580A-4CAD-B436-9EB75A8F6DD6}.Debug|x86.ActiveCfg = Debug|Any CPU
		{E80E2B18-580A-4CAD-B436-9EB75A8F6DD6}.Debug|x86.Build.0 = Debug|Any CPU
		{E80E2B18-580A-4CAD-B436-9EB75A8F6DD6}.Release|Any CPU.ActiveCfg = Release|Any CPU
		{E80E2B18-580A-4CAD-B436-9EB75A8F6DD6}.Release|Any CPU.Build.0 = Release|Any CPU
		{E80E2B18-580A-4CAD-B436-9EB75A8F6DD6}.Release|x64.ActiveCfg = Release|Any CPU
		{E80E2B18-580A-4CAD-B436-9EB75A8F6DD6}.Release|x64.Build.0 = Release|Any CPU
		{E80E2B18-580A-4CAD-B436-9EB75A8F6DD6}.Release|x86.ActiveCfg = Release|Any CPU
		{E80E2B18-580A-4CAD-B436-9EB75A8F6DD6}.Release|x86.Build.0 = Release|Any CPU
		{DBF56B26-D25F-47F5-9DBC-A6DAB4E4C5F5}.Debug|Any CPU.ActiveCfg = Debug|Any CPU
		{DBF56B26-D25F-47F5-9DBC-A6DAB4E4C5F5}.Debug|Any CPU.Build.0 = Debug|Any CPU
		{DBF56B26-D25F-47F5-9DBC-A6DAB4E4C5F5}.Debug|x64.ActiveCfg = Debug|Any CPU
		{DBF56B26-D25F-47F5-9DBC-A6DAB4E4C5F5}.Debug|x64.Build.0 = Debug|Any CPU
		{DBF56B26-D25F-47F5-9DBC-A6DAB4E4C5F5}.Debug|x86.ActiveCfg = Debug|Any CPU
		{DBF56B26-D25F-47F5-9DBC-A6DAB4E4C5F5}.Debug|x86.Build.0 = Debug|Any CPU
		{DBF56B26-D25F-47F5-9DBC-A6DAB4E4C5F5}.Release|Any CPU.ActiveCfg = Release|Any CPU
		{DBF56B26-D25F-47F5-9DBC-A6DAB4E4C5F5}.Release|Any CPU.Build.0 = Release|Any CPU
		{DBF56B26-D25F-47F5-9DBC-A6DAB4E4C5F5}.Release|x64.ActiveCfg = Release|Any CPU
		{DBF56B26-D25F-47F5-9DBC-A6DAB4E4C5F5}.Release|x64.Build.0 = Release|Any CPU
		{DBF56B26-D25F-47F5-9DBC-A6DAB4E4C5F5}.Release|x86.ActiveCfg = Release|Any CPU
		{DBF56B26-D25F-47F5-9DBC-A6DAB4E4C5F5}.Release|x86.Build.0 = Release|Any CPU
		{CEE90C13-D957-44DC-A2A5-F306C17FC7BD}.Debug|Any CPU.ActiveCfg = Debug|Any CPU
		{CEE90C13-D957-44DC-A2A5-F306C17FC7BD}.Debug|Any CPU.Build.0 = Debug|Any CPU
		{CEE90C13-D957-44DC-A2A5-F306C17FC7BD}.Debug|x64.ActiveCfg = Debug|Any CPU
		{CEE90C13-D957-44DC-A2A5-F306C17FC7BD}.Debug|x64.Build.0 = Debug|Any CPU
		{CEE90C13-D957-44DC-A2A5-F306C17FC7BD}.Debug|x86.ActiveCfg = Debug|Any CPU
		{CEE90C13-D957-44DC-A2A5-F306C17FC7BD}.Debug|x86.Build.0 = Debug|Any CPU
		{CEE90C13-D957-44DC-A2A5-F306C17FC7BD}.Release|Any CPU.ActiveCfg = Release|Any CPU
		{CEE90C13-D957-44DC-A2A5-F306C17FC7BD}.Release|Any CPU.Build.0 = Release|Any CPU
		{CEE90C13-D957-44DC-A2A5-F306C17FC7BD}.Release|x64.ActiveCfg = Release|Any CPU
		{CEE90C13-D957-44DC-A2A5-F306C17FC7BD}.Release|x64.Build.0 = Release|Any CPU
		{CEE90C13-D957-44DC-A2A5-F306C17FC7BD}.Release|x86.ActiveCfg = Release|Any CPU
		{CEE90C13-D957-44DC-A2A5-F306C17FC7BD}.Release|x86.Build.0 = Release|Any CPU
		{D653A883-0DBA-4493-B74D-E60FEDD50C4F}.Debug|Any CPU.ActiveCfg = Debug|Any CPU
		{D653A883-0DBA-4493-B74D-E60FEDD50C4F}.Debug|Any CPU.Build.0 = Debug|Any CPU
		{D653A883-0DBA-4493-B74D-E60FEDD50C4F}.Debug|x64.ActiveCfg = Debug|Any CPU
		{D653A883-0DBA-4493-B74D-E60FEDD50C4F}.Debug|x64.Build.0 = Debug|Any CPU
		{D653A883-0DBA-4493-B74D-E60FEDD50C4F}.Debug|x86.ActiveCfg = Debug|Any CPU
		{D653A883-0DBA-4493-B74D-E60FEDD50C4F}.Debug|x86.Build.0 = Debug|Any CPU
		{D653A883-0DBA-4493-B74D-E60FEDD50C4F}.Release|Any CPU.ActiveCfg = Release|Any CPU
		{D653A883-0DBA-4493-B74D-E60FEDD50C4F}.Release|Any CPU.Build.0 = Release|Any CPU
		{D653A883-0DBA-4493-B74D-E60FEDD50C4F}.Release|x64.ActiveCfg = Release|Any CPU
		{D653A883-0DBA-4493-B74D-E60FEDD50C4F}.Release|x64.Build.0 = Release|Any CPU
		{D653A883-0DBA-4493-B74D-E60FEDD50C4F}.Release|x86.ActiveCfg = Release|Any CPU
		{D653A883-0DBA-4493-B74D-E60FEDD50C4F}.Release|x86.Build.0 = Release|Any CPU
	EndGlobalSection
	GlobalSection(SolutionProperties) = preSolution
		HideSolutionNode = FALSE
	EndGlobalSection
	GlobalSection(NestedProjects) = preSolution
		{255C299C-8AE7-4B48-A3C7-7E7225C4D1FA} = {827E0CD3-B72D-47B6-A68D-7590B98EB39B}
		{573A422F-B719-404E-BEA9-D523B1F2F94C} = {827E0CD3-B72D-47B6-A68D-7590B98EB39B}
		{40B57FE3-4FCA-4933-A8C8-B979B1332583} = {827E0CD3-B72D-47B6-A68D-7590B98EB39B}
		{11852D56-40C1-40DC-942F-8754E88805FF} = {827E0CD3-B72D-47B6-A68D-7590B98EB39B}
		{E80E2B18-580A-4CAD-B436-9EB75A8F6DD6} = {827E0CD3-B72D-47B6-A68D-7590B98EB39B}
		{DBF56B26-D25F-47F5-9DBC-A6DAB4E4C5F5} = {0AB3BF05-4346-4AA6-1389-037BE0695223}
		{CEE90C13-D957-44DC-A2A5-F306C17FC7BD} = {0AB3BF05-4346-4AA6-1389-037BE0695223}
		{D653A883-0DBA-4493-B74D-E60FEDD50C4F} = {827E0CD3-B72D-47B6-A68D-7590B98EB39B}
	EndGlobalSection
EndGlobal
